// !$*UTF8*$!
{
	archiveVersion = 1;
	classes = {
	};
	objectVersion = 56;
	objects = {

/* Begin PBXBuildFile section */
		E2028A892B6CD01A00B603E8 /* SelterviewApp.swift in Sources */ = {isa = PBXBuildFile; fileRef = E2028A882B6CD01A00B603E8 /* SelterviewApp.swift */; };
		E2028A8D2B6CD01C00B603E8 /* Assets.xcassets in Resources */ = {isa = PBXBuildFile; fileRef = E2028A8C2B6CD01C00B603E8 /* Assets.xcassets */; };
		E2028A902B6CD01C00B603E8 /* Preview Assets.xcassets in Resources */ = {isa = PBXBuildFile; fileRef = E2028A8F2B6CD01C00B603E8 /* Preview Assets.xcassets */; };
		E2028A9F2B6CD01C00B603E8 /* SelterviewTests.swift in Sources */ = {isa = PBXBuildFile; fileRef = E2028A9E2B6CD01C00B603E8 /* SelterviewTests.swift */; };
		E2028AA92B6CD01C00B603E8 /* SelterviewUITests.swift in Sources */ = {isa = PBXBuildFile; fileRef = E2028AA82B6CD01C00B603E8 /* SelterviewUITests.swift */; };
		E2028AAB2B6CD01C00B603E8 /* SelterviewUITestsLaunchTests.swift in Sources */ = {isa = PBXBuildFile; fileRef = E2028AAA2B6CD01C00B603E8 /* SelterviewUITestsLaunchTests.swift */; };
		E2252B6E2B74F4CF0076AAF8 /* OpenAIClient.swift in Sources */ = {isa = PBXBuildFile; fileRef = E2252B6D2B74F4CF0076AAF8 /* OpenAIClient.swift */; };
		E2252B702B74F5FB0076AAF8 /* View+.swift in Sources */ = {isa = PBXBuildFile; fileRef = E2252B6F2B74F5FB0076AAF8 /* View+.swift */; };
		E2252B732B74F6D00076AAF8 /* ErrorAlertModifier.swift in Sources */ = {isa = PBXBuildFile; fileRef = E2252B722B74F6D00076AAF8 /* ErrorAlertModifier.swift */; };
		E26EC4B82B6CE97C00B1CEEB /* MainView.swift in Sources */ = {isa = PBXBuildFile; fileRef = E26EC4B72B6CE97C00B1CEEB /* MainView.swift */; };
		E26EC4C72B6CF2AE00B1CEEB /* Question.swift in Sources */ = {isa = PBXBuildFile; fileRef = E26EC4C62B6CF2AE00B1CEEB /* Question.swift */; };
		E2770F7F2B738BC90059961E /* ComposableArchitecture in Frameworks */ = {isa = PBXBuildFile; productRef = E2770F7E2B738BC90059961E /* ComposableArchitecture */; };
		E27888E32B7508BF00983FAB /* DotView.swift in Sources */ = {isa = PBXBuildFile; fileRef = E27888E22B7508BF00983FAB /* DotView.swift */; };
		E27888E92B750F3800983FAB /* LoadingModifier.swift in Sources */ = {isa = PBXBuildFile; fileRef = E27888E82B750F3800983FAB /* LoadingModifier.swift */; };
		E28FA43B2B70ED8A005E11E2 /* AnswerView.swift in Sources */ = {isa = PBXBuildFile; fileRef = E28FA43A2B70ED8A005E11E2 /* AnswerView.swift */; };
		E2BA5B812B7CE54D0013CCF6 /* RoundedModifier.swift in Sources */ = {isa = PBXBuildFile; fileRef = E2BA5B802B7CE54D0013CCF6 /* RoundedModifier.swift */; };
		E2D0118C2B7390B300CD844D /* MainReducer.swift in Sources */ = {isa = PBXBuildFile; fileRef = E2D0118B2B7390B300CD844D /* MainReducer.swift */; };
		E2E322582B6D08AA00D5D081 /* CategoryPickerView.swift in Sources */ = {isa = PBXBuildFile; fileRef = E2E322572B6D08AA00D5D081 /* CategoryPickerView.swift */; };
		E2E3225F2B6E41DF00D5D081 /* ProblemView.swift in Sources */ = {isa = PBXBuildFile; fileRef = E2E3225E2B6E41DF00D5D081 /* ProblemView.swift */; };
		E2E322642B6E4AB000D5D081 /* Color+.swift in Sources */ = {isa = PBXBuildFile; fileRef = E2E322632B6E4AB000D5D081 /* Color+.swift */; };
		E2E73E862B73AD9500510550 /* ProblemReducer.swift in Sources */ = {isa = PBXBuildFile; fileRef = E2E73E852B73AD9500510550 /* ProblemReducer.swift */; };
		E2E73E8D2B73E97700510550 /* Selterview++Bundle.swift in Sources */ = {isa = PBXBuildFile; fileRef = E2E73E8C2B73E97700510550 /* Selterview++Bundle.swift */; };
		E2E73E8F2B73E9E500510550 /* API_Key.plist in Resources */ = {isa = PBXBuildFile; fileRef = E2E73E8E2B73E9E500510550 /* API_Key.plist */; };
/* End PBXBuildFile section */

/* Begin PBXContainerItemProxy section */
		E2028A9B2B6CD01C00B603E8 /* PBXContainerItemProxy */ = {
			isa = PBXContainerItemProxy;
			containerPortal = E2028A7D2B6CD01A00B603E8 /* Project object */;
			proxyType = 1;
			remoteGlobalIDString = E2028A842B6CD01A00B603E8;
			remoteInfo = Selterview;
		};
		E2028AA52B6CD01C00B603E8 /* PBXContainerItemProxy */ = {
			isa = PBXContainerItemProxy;
			containerPortal = E2028A7D2B6CD01A00B603E8 /* Project object */;
			proxyType = 1;
			remoteGlobalIDString = E2028A842B6CD01A00B603E8;
			remoteInfo = Selterview;
		};
/* End PBXContainerItemProxy section */

/* Begin PBXFileReference section */
		E2028A852B6CD01A00B603E8 /* Selterview.app */ = {isa = PBXFileReference; explicitFileType = wrapper.application; includeInIndex = 0; path = Selterview.app; sourceTree = BUILT_PRODUCTS_DIR; };
		E2028A882B6CD01A00B603E8 /* SelterviewApp.swift */ = {isa = PBXFileReference; lastKnownFileType = sourcecode.swift; path = SelterviewApp.swift; sourceTree = "<group>"; };
		E2028A8C2B6CD01C00B603E8 /* Assets.xcassets */ = {isa = PBXFileReference; lastKnownFileType = folder.assetcatalog; path = Assets.xcassets; sourceTree = "<group>"; };
		E2028A8F2B6CD01C00B603E8 /* Preview Assets.xcassets */ = {isa = PBXFileReference; lastKnownFileType = folder.assetcatalog; path = "Preview Assets.xcassets"; sourceTree = "<group>"; };
		E2028A9A2B6CD01C00B603E8 /* SelterviewTests.xctest */ = {isa = PBXFileReference; explicitFileType = wrapper.cfbundle; includeInIndex = 0; path = SelterviewTests.xctest; sourceTree = BUILT_PRODUCTS_DIR; };
		E2028A9E2B6CD01C00B603E8 /* SelterviewTests.swift */ = {isa = PBXFileReference; lastKnownFileType = sourcecode.swift; path = SelterviewTests.swift; sourceTree = "<group>"; };
		E2028AA42B6CD01C00B603E8 /* SelterviewUITests.xctest */ = {isa = PBXFileReference; explicitFileType = wrapper.cfbundle; includeInIndex = 0; path = SelterviewUITests.xctest; sourceTree = BUILT_PRODUCTS_DIR; };
		E2028AA82B6CD01C00B603E8 /* SelterviewUITests.swift */ = {isa = PBXFileReference; lastKnownFileType = sourcecode.swift; path = SelterviewUITests.swift; sourceTree = "<group>"; };
		E2028AAA2B6CD01C00B603E8 /* SelterviewUITestsLaunchTests.swift */ = {isa = PBXFileReference; lastKnownFileType = sourcecode.swift; path = SelterviewUITestsLaunchTests.swift; sourceTree = "<group>"; };
		E2252B6D2B74F4CF0076AAF8 /* OpenAIClient.swift */ = {isa = PBXFileReference; lastKnownFileType = sourcecode.swift; path = OpenAIClient.swift; sourceTree = "<group>"; };
		E2252B6F2B74F5FB0076AAF8 /* View+.swift */ = {isa = PBXFileReference; lastKnownFileType = sourcecode.swift; path = "View+.swift"; sourceTree = "<group>"; };
		E2252B722B74F6D00076AAF8 /* ErrorAlertModifier.swift */ = {isa = PBXFileReference; lastKnownFileType = sourcecode.swift; path = ErrorAlertModifier.swift; sourceTree = "<group>"; };
		E26EC4B72B6CE97C00B1CEEB /* MainView.swift */ = {isa = PBXFileReference; lastKnownFileType = sourcecode.swift; path = MainView.swift; sourceTree = "<group>"; };
		E26EC4C62B6CF2AE00B1CEEB /* Question.swift */ = {isa = PBXFileReference; lastKnownFileType = sourcecode.swift; path = Question.swift; sourceTree = "<group>"; };
		E27888E22B7508BF00983FAB /* DotView.swift */ = {isa = PBXFileReference; lastKnownFileType = sourcecode.swift; path = DotView.swift; sourceTree = "<group>"; };
		E27888E82B750F3800983FAB /* LoadingModifier.swift */ = {isa = PBXFileReference; lastKnownFileType = sourcecode.swift; path = LoadingModifier.swift; sourceTree = "<group>"; };
		E28FA43A2B70ED8A005E11E2 /* AnswerView.swift */ = {isa = PBXFileReference; lastKnownFileType = sourcecode.swift; path = AnswerView.swift; sourceTree = "<group>"; };
		E2BA5B802B7CE54D0013CCF6 /* RoundedModifier.swift */ = {isa = PBXFileReference; lastKnownFileType = sourcecode.swift; path = RoundedModifier.swift; sourceTree = "<group>"; };
		E2D0118B2B7390B300CD844D /* MainReducer.swift */ = {isa = PBXFileReference; lastKnownFileType = sourcecode.swift; path = MainReducer.swift; sourceTree = "<group>"; };
		E2E322572B6D08AA00D5D081 /* CategoryPickerView.swift */ = {isa = PBXFileReference; lastKnownFileType = sourcecode.swift; path = CategoryPickerView.swift; sourceTree = "<group>"; };
		E2E3225E2B6E41DF00D5D081 /* ProblemView.swift */ = {isa = PBXFileReference; lastKnownFileType = sourcecode.swift; path = ProblemView.swift; sourceTree = "<group>"; };
		E2E322632B6E4AB000D5D081 /* Color+.swift */ = {isa = PBXFileReference; lastKnownFileType = sourcecode.swift; path = "Color+.swift"; sourceTree = "<group>"; };
		E2E73E852B73AD9500510550 /* ProblemReducer.swift */ = {isa = PBXFileReference; lastKnownFileType = sourcecode.swift; path = ProblemReducer.swift; sourceTree = "<group>"; };
		E2E73E8C2B73E97700510550 /* Selterview++Bundle.swift */ = {isa = PBXFileReference; lastKnownFileType = sourcecode.swift; path = "Selterview++Bundle.swift"; sourceTree = "<group>"; };
		E2E73E8E2B73E9E500510550 /* API_Key.plist */ = {isa = PBXFileReference; lastKnownFileType = text.plist.xml; path = API_Key.plist; sourceTree = "<group>"; };
/* End PBXFileReference section */

/* Begin PBXFrameworksBuildPhase section */
		E2028A822B6CD01A00B603E8 /* Frameworks */ = {
			isa = PBXFrameworksBuildPhase;
			buildActionMask = 2147483647;
			files = (
				E2770F7F2B738BC90059961E /* ComposableArchitecture in Frameworks */,
			);
			runOnlyForDeploymentPostprocessing = 0;
		};
		E2028A972B6CD01C00B603E8 /* Frameworks */ = {
			isa = PBXFrameworksBuildPhase;
			buildActionMask = 2147483647;
			files = (
			);
			runOnlyForDeploymentPostprocessing = 0;
		};
		E2028AA12B6CD01C00B603E8 /* Frameworks */ = {
			isa = PBXFrameworksBuildPhase;
			buildActionMask = 2147483647;
			files = (
			);
			runOnlyForDeploymentPostprocessing = 0;
		};
/* End PBXFrameworksBuildPhase section */

/* Begin PBXGroup section */
		E2028A7C2B6CD01A00B603E8 = {
			isa = PBXGroup;
			children = (
				E2028A872B6CD01A00B603E8 /* Selterview */,
				E2028A9D2B6CD01C00B603E8 /* SelterviewTests */,
				E2028AA72B6CD01C00B603E8 /* SelterviewUITests */,
				E2028A862B6CD01A00B603E8 /* Products */,
			);
			sourceTree = "<group>";
		};
		E2028A862B6CD01A00B603E8 /* Products */ = {
			isa = PBXGroup;
			children = (
				E2028A852B6CD01A00B603E8 /* Selterview.app */,
				E2028A9A2B6CD01C00B603E8 /* SelterviewTests.xctest */,
				E2028AA42B6CD01C00B603E8 /* SelterviewUITests.xctest */,
			);
			name = Products;
			sourceTree = "<group>";
		};
		E2028A872B6CD01A00B603E8 /* Selterview */ = {
			isa = PBXGroup;
			children = (
				E26EC4AC2B6CD11300B1CEEB /* Sources */,
				E26EC4AB2B6CD0FA00B1CEEB /* Resources */,
				E2028A8C2B6CD01C00B603E8 /* Assets.xcassets */,
				E2028A8E2B6CD01C00B603E8 /* Preview Content */,
			);
			path = Selterview;
			sourceTree = "<group>";
		};
		E2028A8E2B6CD01C00B603E8 /* Preview Content */ = {
			isa = PBXGroup;
			children = (
				E2028A8F2B6CD01C00B603E8 /* Preview Assets.xcassets */,
			);
			path = "Preview Content";
			sourceTree = "<group>";
		};
		E2028A9D2B6CD01C00B603E8 /* SelterviewTests */ = {
			isa = PBXGroup;
			children = (
				E2028A9E2B6CD01C00B603E8 /* SelterviewTests.swift */,
			);
			path = SelterviewTests;
			sourceTree = "<group>";
		};
		E2028AA72B6CD01C00B603E8 /* SelterviewUITests */ = {
			isa = PBXGroup;
			children = (
				E2028AA82B6CD01C00B603E8 /* SelterviewUITests.swift */,
				E2028AAA2B6CD01C00B603E8 /* SelterviewUITestsLaunchTests.swift */,
			);
			path = SelterviewUITests;
			sourceTree = "<group>";
		};
		E2252B712B74F6BB0076AAF8 /* Common */ = {
			isa = PBXGroup;
			children = (
				E27888E12B7508B100983FAB /* View */,
				E2252B722B74F6D00076AAF8 /* ErrorAlertModifier.swift */,
				E27888E82B750F3800983FAB /* LoadingModifier.swift */,
				E2BA5B802B7CE54D0013CCF6 /* RoundedModifier.swift */,
			);
			path = Common;
			sourceTree = "<group>";
		};
		E26EC4AB2B6CD0FA00B1CEEB /* Resources */ = {
			isa = PBXGroup;
			children = (
				E2E73E8C2B73E97700510550 /* Selterview++Bundle.swift */,
				E2E73E8E2B73E9E500510550 /* API_Key.plist */,
			);
			path = Resources;
			sourceTree = "<group>";
		};
		E26EC4AC2B6CD11300B1CEEB /* Sources */ = {
			isa = PBXGroup;
			children = (
				E2E322622B6E4AA800D5D081 /* Extension */,
				E2028A882B6CD01A00B603E8 /* SelterviewApp.swift */,
				E26EC4B92B6CEB3F00B1CEEB /* Model */,
				E26EC4AE2B6CE66B00B1CEEB /* Presentation */,
			);
			path = Sources;
			sourceTree = "<group>";
		};
		E26EC4AE2B6CE66B00B1CEEB /* Presentation */ = {
			isa = PBXGroup;
			children = (
				E2252B712B74F6BB0076AAF8 /* Common */,
				E2E3225B2B6E41B800D5D081 /* Problem */,
				E26EC4AF2B6CE76D00B1CEEB /* Main */,
			);
			path = Presentation;
			sourceTree = "<group>";
		};
		E26EC4AF2B6CE76D00B1CEEB /* Main */ = {
			isa = PBXGroup;
			children = (
				E2D0118B2B7390B300CD844D /* MainReducer.swift */,
				E26EC4B02B6CE77700B1CEEB /* View */,
			);
			path = Main;
			sourceTree = "<group>";
		};
		E26EC4B02B6CE77700B1CEEB /* View */ = {
			isa = PBXGroup;
			children = (
				E26EC4B72B6CE97C00B1CEEB /* MainView.swift */,
				E2E322572B6D08AA00D5D081 /* CategoryPickerView.swift */,
			);
			path = View;
			sourceTree = "<group>";
		};
		E26EC4B92B6CEB3F00B1CEEB /* Model */ = {
			isa = PBXGroup;
			children = (
				E26EC4C62B6CF2AE00B1CEEB /* Question.swift */,
			);
			path = Model;
			sourceTree = "<group>";
		};
		E27888E12B7508B100983FAB /* View */ = {
			isa = PBXGroup;
			children = (
				E27888E22B7508BF00983FAB /* DotView.swift */,
			);
			path = View;
			sourceTree = "<group>";
		};
		E2E3225B2B6E41B800D5D081 /* Problem */ = {
			isa = PBXGroup;
			children = (
				E2E73E852B73AD9500510550 /* ProblemReducer.swift */,
				E2252B6D2B74F4CF0076AAF8 /* OpenAIClient.swift */,
				E2E3225C2B6E41C400D5D081 /* View */,
			);
			path = Problem;
			sourceTree = "<group>";
		};
		E2E3225C2B6E41C400D5D081 /* View */ = {
			isa = PBXGroup;
			children = (
				E2E3225E2B6E41DF00D5D081 /* ProblemView.swift */,
				E28FA43A2B70ED8A005E11E2 /* AnswerView.swift */,
			);
			path = View;
			sourceTree = "<group>";
		};
		E2E322622B6E4AA800D5D081 /* Extension */ = {
			isa = PBXGroup;
			children = (
				E2E322632B6E4AB000D5D081 /* Color+.swift */,
				E2252B6F2B74F5FB0076AAF8 /* View+.swift */,
			);
			path = Extension;
			sourceTree = "<group>";
		};
/* End PBXGroup section */

/* Begin PBXNativeTarget section */
		E2028A842B6CD01A00B603E8 /* Selterview */ = {
			isa = PBXNativeTarget;
			buildConfigurationList = E2028AAE2B6CD01C00B603E8 /* Build configuration list for PBXNativeTarget "Selterview" */;
			buildPhases = (
				E2028A812B6CD01A00B603E8 /* Sources */,
				E2028A822B6CD01A00B603E8 /* Frameworks */,
				E2028A832B6CD01A00B603E8 /* Resources */,
			);
			buildRules = (
			);
			dependencies = (
			);
			name = Selterview;
			packageProductDependencies = (
				E2770F7E2B738BC90059961E /* ComposableArchitecture */,
			);
			productName = Selterview;
			productReference = E2028A852B6CD01A00B603E8 /* Selterview.app */;
			productType = "com.apple.product-type.application";
		};
		E2028A992B6CD01C00B603E8 /* SelterviewTests */ = {
			isa = PBXNativeTarget;
			buildConfigurationList = E2028AB12B6CD01C00B603E8 /* Build configuration list for PBXNativeTarget "SelterviewTests" */;
			buildPhases = (
				E2028A962B6CD01C00B603E8 /* Sources */,
				E2028A972B6CD01C00B603E8 /* Frameworks */,
				E2028A982B6CD01C00B603E8 /* Resources */,
			);
			buildRules = (
			);
			dependencies = (
				E2028A9C2B6CD01C00B603E8 /* PBXTargetDependency */,
			);
			name = SelterviewTests;
			productName = SelterviewTests;
			productReference = E2028A9A2B6CD01C00B603E8 /* SelterviewTests.xctest */;
			productType = "com.apple.product-type.bundle.unit-test";
		};
		E2028AA32B6CD01C00B603E8 /* SelterviewUITests */ = {
			isa = PBXNativeTarget;
			buildConfigurationList = E2028AB42B6CD01C00B603E8 /* Build configuration list for PBXNativeTarget "SelterviewUITests" */;
			buildPhases = (
				E2028AA02B6CD01C00B603E8 /* Sources */,
				E2028AA12B6CD01C00B603E8 /* Frameworks */,
				E2028AA22B6CD01C00B603E8 /* Resources */,
			);
			buildRules = (
			);
			dependencies = (
				E2028AA62B6CD01C00B603E8 /* PBXTargetDependency */,
			);
			name = SelterviewUITests;
			productName = SelterviewUITests;
			productReference = E2028AA42B6CD01C00B603E8 /* SelterviewUITests.xctest */;
			productType = "com.apple.product-type.bundle.ui-testing";
		};
/* End PBXNativeTarget section */

/* Begin PBXProject section */
		E2028A7D2B6CD01A00B603E8 /* Project object */ = {
			isa = PBXProject;
			attributes = {
				BuildIndependentTargetsInParallel = 1;
				LastSwiftUpdateCheck = 1510;
				LastUpgradeCheck = 1510;
				TargetAttributes = {
					E2028A842B6CD01A00B603E8 = {
						CreatedOnToolsVersion = 15.1;
					};
					E2028A992B6CD01C00B603E8 = {
						CreatedOnToolsVersion = 15.1;
						TestTargetID = E2028A842B6CD01A00B603E8;
					};
					E2028AA32B6CD01C00B603E8 = {
						CreatedOnToolsVersion = 15.1;
						TestTargetID = E2028A842B6CD01A00B603E8;
					};
				};
			};
			buildConfigurationList = E2028A802B6CD01A00B603E8 /* Build configuration list for PBXProject "Selterview" */;
			compatibilityVersion = "Xcode 14.0";
			developmentRegion = en;
			hasScannedForEncodings = 0;
			knownRegions = (
				en,
				Base,
			);
			mainGroup = E2028A7C2B6CD01A00B603E8;
			packageReferences = (
				E2770F7D2B738BC90059961E /* XCRemoteSwiftPackageReference "swift-composable-architecture" */,
			);
			productRefGroup = E2028A862B6CD01A00B603E8 /* Products */;
			projectDirPath = "";
			projectRoot = "";
			targets = (
				E2028A842B6CD01A00B603E8 /* Selterview */,
				E2028A992B6CD01C00B603E8 /* SelterviewTests */,
				E2028AA32B6CD01C00B603E8 /* SelterviewUITests */,
			);
		};
/* End PBXProject section */

/* Begin PBXResourcesBuildPhase section */
		E2028A832B6CD01A00B603E8 /* Resources */ = {
			isa = PBXResourcesBuildPhase;
			buildActionMask = 2147483647;
			files = (
				E2028A902B6CD01C00B603E8 /* Preview Assets.xcassets in Resources */,
				E2E73E8F2B73E9E500510550 /* API_Key.plist in Resources */,
				E2028A8D2B6CD01C00B603E8 /* Assets.xcassets in Resources */,
			);
			runOnlyForDeploymentPostprocessing = 0;
		};
		E2028A982B6CD01C00B603E8 /* Resources */ = {
			isa = PBXResourcesBuildPhase;
			buildActionMask = 2147483647;
			files = (
			);
			runOnlyForDeploymentPostprocessing = 0;
		};
		E2028AA22B6CD01C00B603E8 /* Resources */ = {
			isa = PBXResourcesBuildPhase;
			buildActionMask = 2147483647;
			files = (
			);
			runOnlyForDeploymentPostprocessing = 0;
		};
/* End PBXResourcesBuildPhase section */

/* Begin PBXSourcesBuildPhase section */
		E2028A812B6CD01A00B603E8 /* Sources */ = {
			isa = PBXSourcesBuildPhase;
			buildActionMask = 2147483647;
			files = (
				E2E3225F2B6E41DF00D5D081 /* ProblemView.swift in Sources */,
				E2E322642B6E4AB000D5D081 /* Color+.swift in Sources */,
				E2E73E862B73AD9500510550 /* ProblemReducer.swift in Sources */,
				E2D0118C2B7390B300CD844D /* MainReducer.swift in Sources */,
				E26EC4C72B6CF2AE00B1CEEB /* Question.swift in Sources */,
				E27888E32B7508BF00983FAB /* DotView.swift in Sources */,
				E26EC4B82B6CE97C00B1CEEB /* MainView.swift in Sources */,
				E27888E92B750F3800983FAB /* LoadingModifier.swift in Sources */,
				E28FA43B2B70ED8A005E11E2 /* AnswerView.swift in Sources */,
				E2252B732B74F6D00076AAF8 /* ErrorAlertModifier.swift in Sources */,
				E2BA5B812B7CE54D0013CCF6 /* RoundedModifier.swift in Sources */,
				E2252B702B74F5FB0076AAF8 /* View+.swift in Sources */,
				E2252B6E2B74F4CF0076AAF8 /* OpenAIClient.swift in Sources */,
				E2E322582B6D08AA00D5D081 /* CategoryPickerView.swift in Sources */,
				E2E73E8D2B73E97700510550 /* Selterview++Bundle.swift in Sources */,
				E2028A892B6CD01A00B603E8 /* SelterviewApp.swift in Sources */,
			);
			runOnlyForDeploymentPostprocessing = 0;
		};
		E2028A962B6CD01C00B603E8 /* Sources */ = {
			isa = PBXSourcesBuildPhase;
			buildActionMask = 2147483647;
			files = (
				E2028A9F2B6CD01C00B603E8 /* SelterviewTests.swift in Sources */,
			);
			runOnlyForDeploymentPostprocessing = 0;
		};
		E2028AA02B6CD01C00B603E8 /* Sources */ = {
			isa = PBXSourcesBuildPhase;
			buildActionMask = 2147483647;
			files = (
				E2028AAB2B6CD01C00B603E8 /* SelterviewUITestsLaunchTests.swift in Sources */,
				E2028AA92B6CD01C00B603E8 /* SelterviewUITests.swift in Sources */,
			);
			runOnlyForDeploymentPostprocessing = 0;
		};
/* End PBXSourcesBuildPhase section */

/* Begin PBXTargetDependency section */
		E2028A9C2B6CD01C00B603E8 /* PBXTargetDependency */ = {
			isa = PBXTargetDependency;
			target = E2028A842B6CD01A00B603E8 /* Selterview */;
			targetProxy = E2028A9B2B6CD01C00B603E8 /* PBXContainerItemProxy */;
		};
		E2028AA62B6CD01C00B603E8 /* PBXTargetDependency */ = {
			isa = PBXTargetDependency;
			target = E2028A842B6CD01A00B603E8 /* Selterview */;
			targetProxy = E2028AA52B6CD01C00B603E8 /* PBXContainerItemProxy */;
		};
/* End PBXTargetDependency section */

/* Begin XCBuildConfiguration section */
		E2028AAC2B6CD01C00B603E8 /* Debug */ = {
			isa = XCBuildConfiguration;
			buildSettings = {
				ALWAYS_SEARCH_USER_PATHS = NO;
				ASSETCATALOG_COMPILER_GENERATE_SWIFT_ASSET_SYMBOL_EXTENSIONS = YES;
				CLANG_ANALYZER_NONNULL = YES;
				CLANG_ANALYZER_NUMBER_OBJECT_CONVERSION = YES_AGGRESSIVE;
				CLANG_CXX_LANGUAGE_STANDARD = "gnu++20";
				CLANG_ENABLE_MODULES = YES;
				CLANG_ENABLE_OBJC_ARC = YES;
				CLANG_ENABLE_OBJC_WEAK = YES;
				CLANG_WARN_BLOCK_CAPTURE_AUTORELEASING = YES;
				CLANG_WARN_BOOL_CONVERSION = YES;
				CLANG_WARN_COMMA = YES;
				CLANG_WARN_CONSTANT_CONVERSION = YES;
				CLANG_WARN_DEPRECATED_OBJC_IMPLEMENTATIONS = YES;
				CLANG_WARN_DIRECT_OBJC_ISA_USAGE = YES_ERROR;
				CLANG_WARN_DOCUMENTATION_COMMENTS = YES;
				CLANG_WARN_EMPTY_BODY = YES;
				CLANG_WARN_ENUM_CONVERSION = YES;
				CLANG_WARN_INFINITE_RECURSION = YES;
				CLANG_WARN_INT_CONVERSION = YES;
				CLANG_WARN_NON_LITERAL_NULL_CONVERSION = YES;
				CLANG_WARN_OBJC_IMPLICIT_RETAIN_SELF = YES;
				CLANG_WARN_OBJC_LITERAL_CONVERSION = YES;
				CLANG_WARN_OBJC_ROOT_CLASS = YES_ERROR;
				CLANG_WARN_QUOTED_INCLUDE_IN_FRAMEWORK_HEADER = YES;
				CLANG_WARN_RANGE_LOOP_ANALYSIS = YES;
				CLANG_WARN_STRICT_PROTOTYPES = YES;
				CLANG_WARN_SUSPICIOUS_MOVE = YES;
				CLANG_WARN_UNGUARDED_AVAILABILITY = YES_AGGRESSIVE;
				CLANG_WARN_UNREACHABLE_CODE = YES;
				CLANG_WARN__DUPLICATE_METHOD_MATCH = YES;
				COPY_PHASE_STRIP = NO;
				DEBUG_INFORMATION_FORMAT = dwarf;
				ENABLE_STRICT_OBJC_MSGSEND = YES;
				ENABLE_TESTABILITY = YES;
				ENABLE_USER_SCRIPT_SANDBOXING = YES;
				GCC_C_LANGUAGE_STANDARD = gnu17;
				GCC_DYNAMIC_NO_PIC = NO;
				GCC_NO_COMMON_BLOCKS = YES;
				GCC_OPTIMIZATION_LEVEL = 0;
				GCC_PREPROCESSOR_DEFINITIONS = (
					"DEBUG=1",
					"$(inherited)",
				);
				GCC_WARN_64_TO_32_BIT_CONVERSION = YES;
				GCC_WARN_ABOUT_RETURN_TYPE = YES_ERROR;
				GCC_WARN_UNDECLARED_SELECTOR = YES;
				GCC_WARN_UNINITIALIZED_AUTOS = YES_AGGRESSIVE;
				GCC_WARN_UNUSED_FUNCTION = YES;
				GCC_WARN_UNUSED_VARIABLE = YES;
				IPHONEOS_DEPLOYMENT_TARGET = 17.2;
				LOCALIZATION_PREFERS_STRING_CATALOGS = YES;
				MTL_ENABLE_DEBUG_INFO = INCLUDE_SOURCE;
				MTL_FAST_MATH = YES;
				ONLY_ACTIVE_ARCH = YES;
				SDKROOT = iphoneos;
				SWIFT_ACTIVE_COMPILATION_CONDITIONS = "DEBUG $(inherited)";
				SWIFT_OPTIMIZATION_LEVEL = "-Onone";
			};
			name = Debug;
		};
		E2028AAD2B6CD01C00B603E8 /* Release */ = {
			isa = XCBuildConfiguration;
			buildSettings = {
				ALWAYS_SEARCH_USER_PATHS = NO;
				ASSETCATALOG_COMPILER_GENERATE_SWIFT_ASSET_SYMBOL_EXTENSIONS = YES;
				CLANG_ANALYZER_NONNULL = YES;
				CLANG_ANALYZER_NUMBER_OBJECT_CONVERSION = YES_AGGRESSIVE;
				CLANG_CXX_LANGUAGE_STANDARD = "gnu++20";
				CLANG_ENABLE_MODULES = YES;
				CLANG_ENABLE_OBJC_ARC = YES;
				CLANG_ENABLE_OBJC_WEAK = YES;
				CLANG_WARN_BLOCK_CAPTURE_AUTORELEASING = YES;
				CLANG_WARN_BOOL_CONVERSION = YES;
				CLANG_WARN_COMMA = YES;
				CLANG_WARN_CONSTANT_CONVERSION = YES;
				CLANG_WARN_DEPRECATED_OBJC_IMPLEMENTATIONS = YES;
				CLANG_WARN_DIRECT_OBJC_ISA_USAGE = YES_ERROR;
				CLANG_WARN_DOCUMENTATION_COMMENTS = YES;
				CLANG_WARN_EMPTY_BODY = YES;
				CLANG_WARN_ENUM_CONVERSION = YES;
				CLANG_WARN_INFINITE_RECURSION = YES;
				CLANG_WARN_INT_CONVERSION = YES;
				CLANG_WARN_NON_LITERAL_NULL_CONVERSION = YES;
				CLANG_WARN_OBJC_IMPLICIT_RETAIN_SELF = YES;
				CLANG_WARN_OBJC_LITERAL_CONVERSION = YES;
				CLANG_WARN_OBJC_ROOT_CLASS = YES_ERROR;
				CLANG_WARN_QUOTED_INCLUDE_IN_FRAMEWORK_HEADER = YES;
				CLANG_WARN_RANGE_LOOP_ANALYSIS = YES;
				CLANG_WARN_STRICT_PROTOTYPES = YES;
				CLANG_WARN_SUSPICIOUS_MOVE = YES;
				CLANG_WARN_UNGUARDED_AVAILABILITY = YES_AGGRESSIVE;
				CLANG_WARN_UNREACHABLE_CODE = YES;
				CLANG_WARN__DUPLICATE_METHOD_MATCH = YES;
				COPY_PHASE_STRIP = NO;
				DEBUG_INFORMATION_FORMAT = "dwarf-with-dsym";
				ENABLE_NS_ASSERTIONS = NO;
				ENABLE_STRICT_OBJC_MSGSEND = YES;
				ENABLE_USER_SCRIPT_SANDBOXING = YES;
				GCC_C_LANGUAGE_STANDARD = gnu17;
				GCC_NO_COMMON_BLOCKS = YES;
				GCC_WARN_64_TO_32_BIT_CONVERSION = YES;
				GCC_WARN_ABOUT_RETURN_TYPE = YES_ERROR;
				GCC_WARN_UNDECLARED_SELECTOR = YES;
				GCC_WARN_UNINITIALIZED_AUTOS = YES_AGGRESSIVE;
				GCC_WARN_UNUSED_FUNCTION = YES;
				GCC_WARN_UNUSED_VARIABLE = YES;
				IPHONEOS_DEPLOYMENT_TARGET = 17.2;
				LOCALIZATION_PREFERS_STRING_CATALOGS = YES;
				MTL_ENABLE_DEBUG_INFO = NO;
				MTL_FAST_MATH = YES;
				SDKROOT = iphoneos;
				SWIFT_COMPILATION_MODE = wholemodule;
				VALIDATE_PRODUCT = YES;
			};
			name = Release;
		};
		E2028AAF2B6CD01C00B603E8 /* Debug */ = {
			isa = XCBuildConfiguration;
			buildSettings = {
				ASSETCATALOG_COMPILER_APPICON_NAME = AppIcon;
				ASSETCATALOG_COMPILER_GLOBAL_ACCENT_COLOR_NAME = AccentColor;
				CODE_SIGN_STYLE = Automatic;
				CURRENT_PROJECT_VERSION = 1;
				DEVELOPMENT_ASSET_PATHS = "\"Selterview/Preview Content\"";
				DEVELOPMENT_TEAM = SXSNK823Y9;
				ENABLE_PREVIEWS = YES;
				GENERATE_INFOPLIST_FILE = YES;
				INFOPLIST_KEY_UIApplicationSceneManifest_Generation = YES;
				INFOPLIST_KEY_UIApplicationSupportsIndirectInputEvents = YES;
				INFOPLIST_KEY_UILaunchScreen_Generation = YES;
				INFOPLIST_KEY_UISupportedInterfaceOrientations = "UIInterfaceOrientationLandscapeLeft UIInterfaceOrientationLandscapeRight UIInterfaceOrientationPortrait";
				INFOPLIST_KEY_UISupportedInterfaceOrientations_iPad = "UIInterfaceOrientationLandscapeLeft UIInterfaceOrientationLandscapeRight UIInterfaceOrientationPortrait UIInterfaceOrientationPortraitUpsideDown";
				INFOPLIST_KEY_UIUserInterfaceStyle = Light;
				IPHONEOS_DEPLOYMENT_TARGET = 16.0;
				LD_RUNPATH_SEARCH_PATHS = (
					"$(inherited)",
					"@executable_path/Frameworks",
				);
				MARKETING_VERSION = 1.0;
				PRODUCT_BUNDLE_IDENTIFIER = com.woo0.Hatchling.Selterview;
				PRODUCT_NAME = "$(TARGET_NAME)";
				SUPPORTED_PLATFORMS = "iphoneos iphonesimulator";
				SUPPORTS_MACCATALYST = NO;
				SUPPORTS_MAC_DESIGNED_FOR_IPHONE_IPAD = NO;
				SWIFT_EMIT_LOC_STRINGS = YES;
				SWIFT_VERSION = 5.0;
				TARGETED_DEVICE_FAMILY = "1,2";
			};
			name = Debug;
		};
		E2028AB02B6CD01C00B603E8 /* Release */ = {
			isa = XCBuildConfiguration;
			buildSettings = {
				ASSETCATALOG_COMPILER_APPICON_NAME = AppIcon;
				ASSETCATALOG_COMPILER_GLOBAL_ACCENT_COLOR_NAME = AccentColor;
				CODE_SIGN_STYLE = Automatic;
				CURRENT_PROJECT_VERSION = 1;
				DEVELOPMENT_ASSET_PATHS = "\"Selterview/Preview Content\"";
				DEVELOPMENT_TEAM = SXSNK823Y9;
				ENABLE_PREVIEWS = YES;
				GENERATE_INFOPLIST_FILE = YES;
				INFOPLIST_KEY_UIApplicationSceneManifest_Generation = YES;
				INFOPLIST_KEY_UIApplicationSupportsIndirectInputEvents = YES;
				INFOPLIST_KEY_UILaunchScreen_Generation = YES;
				INFOPLIST_KEY_UISupportedInterfaceOrientations = "UIInterfaceOrientationLandscapeLeft UIInterfaceOrientationLandscapeRight UIInterfaceOrientationPortrait";
				INFOPLIST_KEY_UISupportedInterfaceOrientations_iPad = "UIInterfaceOrientationLandscapeLeft UIInterfaceOrientationLandscapeRight UIInterfaceOrientationPortrait UIInterfaceOrientationPortraitUpsideDown";
				INFOPLIST_KEY_UIUserInterfaceStyle = Light;
				IPHONEOS_DEPLOYMENT_TARGET = 16.0;
				LD_RUNPATH_SEARCH_PATHS = (
					"$(inherited)",
					"@executable_path/Frameworks",
				);
				MARKETING_VERSION = 1.0;
				PRODUCT_BUNDLE_IDENTIFIER = com.woo0.Hatchling.Selterview;
				PRODUCT_NAME = "$(TARGET_NAME)";
				SUPPORTED_PLATFORMS = "iphoneos iphonesimulator";
				SUPPORTS_MACCATALYST = NO;
				SUPPORTS_MAC_DESIGNED_FOR_IPHONE_IPAD = NO;
				SWIFT_EMIT_LOC_STRINGS = YES;
				SWIFT_VERSION = 5.0;
				TARGETED_DEVICE_FAMILY = "1,2";
			};
			name = Release;
		};
		E2028AB22B6CD01C00B603E8 /* Debug */ = {
			isa = XCBuildConfiguration;
			buildSettings = {
				ALWAYS_EMBED_SWIFT_STANDARD_LIBRARIES = YES;
				BUNDLE_LOADER = "$(TEST_HOST)";
				CODE_SIGN_STYLE = Automatic;
				CURRENT_PROJECT_VERSION = 1;
				DEVELOPMENT_TEAM = SXSNK823Y9;
				GENERATE_INFOPLIST_FILE = YES;
				IPHONEOS_DEPLOYMENT_TARGET = 17.2;
				MARKETING_VERSION = 1.0;
				PRODUCT_BUNDLE_IDENTIFIER = com.woo0.Hatchling.SelterviewTests;
				PRODUCT_NAME = "$(TARGET_NAME)";
				SWIFT_EMIT_LOC_STRINGS = NO;
				SWIFT_VERSION = 5.0;
				TARGETED_DEVICE_FAMILY = "1,2";
				TEST_HOST = "$(BUILT_PRODUCTS_DIR)/Selterview.app/$(BUNDLE_EXECUTABLE_FOLDER_PATH)/Selterview";
			};
			name = Debug;
		};
		E2028AB32B6CD01C00B603E8 /* Release */ = {
			isa = XCBuildConfiguration;
			buildSettings = {
				ALWAYS_EMBED_SWIFT_STANDARD_LIBRARIES = YES;
				BUNDLE_LOADER = "$(TEST_HOST)";
				CODE_SIGN_STYLE = Automatic;
				CURRENT_PROJECT_VERSION = 1;
				DEVELOPMENT_TEAM = SXSNK823Y9;
				GENERATE_INFOPLIST_FILE = YES;
				IPHONEOS_DEPLOYMENT_TARGET = 17.2;
				MARKETING_VERSION = 1.0;
				PRODUCT_BUNDLE_IDENTIFIER = com.woo0.Hatchling.SelterviewTests;
				PRODUCT_NAME = "$(TARGET_NAME)";
				SWIFT_EMIT_LOC_STRINGS = NO;
				SWIFT_VERSION = 5.0;
				TARGETED_DEVICE_FAMILY = "1,2";
				TEST_HOST = "$(BUILT_PRODUCTS_DIR)/Selterview.app/$(BUNDLE_EXECUTABLE_FOLDER_PATH)/Selterview";
			};
			name = Release;
		};
		E2028AB52B6CD01C00B603E8 /* Debug */ = {
			isa = XCBuildConfiguration;
			buildSettings = {
				ALWAYS_EMBED_SWIFT_STANDARD_LIBRARIES = YES;
				CODE_SIGN_STYLE = Automatic;
				CURRENT_PROJECT_VERSION = 1;
				DEVELOPMENT_TEAM = SXSNK823Y9;
				GENERATE_INFOPLIST_FILE = YES;
				MARKETING_VERSION = 1.0;
				PRODUCT_BUNDLE_IDENTIFIER = com.woo0.Hatchling.SelterviewUITests;
				PRODUCT_NAME = "$(TARGET_NAME)";
				SWIFT_EMIT_LOC_STRINGS = NO;
				SWIFT_VERSION = 5.0;
				TARGETED_DEVICE_FAMILY = "1,2";
				TEST_TARGET_NAME = Selterview;
			};
			name = Debug;
		};
		E2028AB62B6CD01C00B603E8 /* Release */ = {
			isa = XCBuildConfiguration;
			buildSettings = {
				ALWAYS_EMBED_SWIFT_STANDARD_LIBRARIES = YES;
				CODE_SIGN_STYLE = Automatic;
				CURRENT_PROJECT_VERSION = 1;
				DEVELOPMENT_TEAM = SXSNK823Y9;
				GENERATE_INFOPLIST_FILE = YES;
				MARKETING_VERSION = 1.0;
				PRODUCT_BUNDLE_IDENTIFIER = com.woo0.Hatchling.SelterviewUITests;
				PRODUCT_NAME = "$(TARGET_NAME)";
				SWIFT_EMIT_LOC_STRINGS = NO;
				SWIFT_VERSION = 5.0;
				TARGETED_DEVICE_FAMILY = "1,2";
				TEST_TARGET_NAME = Selterview;
			};
			name = Release;
		};
/* End XCBuildConfiguration section */

/* Begin XCConfigurationList section */
		E2028A802B6CD01A00B603E8 /* Build configuration list for PBXProject "Selterview" */ = {
			isa = XCConfigurationList;
			buildConfigurations = (
				E2028AAC2B6CD01C00B603E8 /* Debug */,
				E2028AAD2B6CD01C00B603E8 /* Release */,
			);
			defaultConfigurationIsVisible = 0;
			defaultConfigurationName = Release;
		};
		E2028AAE2B6CD01C00B603E8 /* Build configuration list for PBXNativeTarget "Selterview" */ = {
			isa = XCConfigurationList;
			buildConfigurations = (
				E2028AAF2B6CD01C00B603E8 /* Debug */,
				E2028AB02B6CD01C00B603E8 /* Release */,
			);
			defaultConfigurationIsVisible = 0;
			defaultConfigurationName = Release;
		};
		E2028AB12B6CD01C00B603E8 /* Build configuration list for PBXNativeTarget "SelterviewTests" */ = {
			isa = XCConfigurationList;
			buildConfigurations = (
				E2028AB22B6CD01C00B603E8 /* Debug */,
				E2028AB32B6CD01C00B603E8 /* Release */,
			);
			defaultConfigurationIsVisible = 0;
			defaultConfigurationName = Release;
		};
		E2028AB42B6CD01C00B603E8 /* Build configuration list for PBXNativeTarget "SelterviewUITests" */ = {
			isa = XCConfigurationList;
			buildConfigurations = (
				E2028AB52B6CD01C00B603E8 /* Debug */,
				E2028AB62B6CD01C00B603E8 /* Release */,
			);
			defaultConfigurationIsVisible = 0;
			defaultConfigurationName = Release;
		};
/* End XCConfigurationList section */

/* Begin XCRemoteSwiftPackageReference section */
		E2770F7D2B738BC90059961E /* XCRemoteSwiftPackageReference "swift-composable-architecture" */ = {
			isa = XCRemoteSwiftPackageReference;
			repositoryURL = "https://github.com/pointfreeco/swift-composable-architecture";
			requirement = {
				kind = upToNextMajorVersion;
				minimumVersion = 1.7.3;
			};
		};
/* End XCRemoteSwiftPackageReference section */

/* Begin XCSwiftPackageProductDependency section */
		E2770F7E2B738BC90059961E /* ComposableArchitecture */ = {
			isa = XCSwiftPackageProductDependency;
			package = E2770F7D2B738BC90059961E /* XCRemoteSwiftPackageReference "swift-composable-architecture" */;
			productName = ComposableArchitecture;
		};
/* End XCSwiftPackageProductDependency section */
	};
	rootObject = E2028A7D2B6CD01A00B603E8 /* Project object */;
}
